
Microsoft Visual Studio Solution File, Format Version 12.00
# Visual Studio Version 16
VisualStudioVersion = 16.0.31410.357
MinimumVisualStudioVersion = 10.0.40219.1
Project("{FAE04EC0-301F-11D3-BF4B-00C04F79EFBC}") = "WebApplication3", "WebApplication3\WebApplication3.csproj", "{2563BFA4-EDCE-46E5-91D2-BA2CAD627EE1}"
EndProject
Global
	GlobalSection(SolutionConfigurationPlatforms) = preSolution
		Debug|Any CPU = Debug|Any CPU
		Release|Any CPU = Release|Any CPU
	EndGlobalSection
	GlobalSection(ProjectConfigurationPlatforms) = postSolution
		{2563BFA4-EDCE-46E5-91D2-BA2CAD627EE1}.Debug|Any CPU.ActiveCfg = Debug|Any CPU
		{2563BFA4-EDCE-46E5-91D2-BA2CAD627EE1}.Debug|Any CPU.Build.0 = Debug|Any CPU
		{2563BFA4-EDCE-46E5-91D2-BA2CAD627EE1}.Release|Any CPU.ActiveCfg = Release|Any CPU
		{2563BFA4-EDCE-46E5-91D2-BA2CAD627EE1}.Release|Any CPU.Build.0 = Release|Any CPU
	EndGlobalSection
	GlobalSection(SolutionProperties) = preSolution
		HideSolutionNode = FALSE
	EndGlobalSection
	GlobalSection(ExtensibilityGlobals) = postSolution
		SolutionGuid = {62915F2C-8D7A-4DE1-8721-E6FB01B1B4B2}
	EndGlobalSection
EndGlobal
